
Microsoft Visual Studio Solution File, Format Version 12.00
# Visual Studio Version 16
VisualStudioVersion = 16.0.30523.141
MinimumVisualStudioVersion = 10.0.40219.1
Project("{FAE04EC0-301F-11D3-BF4B-00C04F79EFBC}") = "QuanLyKhoByPharm", "QuanLyKhoByPharm\QuanLyKhoByPharm.csproj", "{C1072D53-FFF5-427C-9598-3E4A3A49F1D3}"
EndProject
Global
	GlobalSection(SolutionConfigurationPlatforms) = preSolution
		Debug|Any CPU = Debug|Any CPU
		Release|Any CPU = Release|Any CPU
	EndGlobalSection
	GlobalSection(ProjectConfigurationPlatforms) = postSolution
		{C1072D53-FFF5-427C-9598-3E4A3A49F1D3}.Debug|Any CPU.ActiveCfg = Debug|Any CPU
		{C1072D53-FFF5-427C-9598-3E4A3A49F1D3}.Debug|Any CPU.Build.0 = Debug|Any CPU
		{C1072D53-FFF5-427C-9598-3E4A3A49F1D3}.Release|Any CPU.ActiveCfg = Release|Any CPU
		{C1072D53-FFF5-427C-9598-3E4A3A49F1D3}.Release|Any CPU.Build.0 = Release|Any CPU
	EndGlobalSection
	GlobalSection(SolutionProperties) = preSolution
		HideSolutionNode = FALSE
	EndGlobalSection
	GlobalSection(ExtensibilityGlobals) = postSolution
		SolutionGuid = {193C18E5-EFA6-40B0-991C-9A6E42280DB0}
	EndGlobalSection
EndGlobal
